
Microsoft Visual Studio Solution File, Format Version 12.00
# Visual Studio 2012
Project("{FAE04EC0-301F-11D3-BF4B-00C04F79EFBC}") = "QucikMatch", "QucikMatch\QucikMatch.csproj", "{3ECFE1B8-9978-4D04-B992-DD3395C52706}"
EndProject
Project("{FAE04EC0-301F-11D3-BF4B-00C04F79EFBC}") = "QucikMatchTest", "QucikMatchTest\QucikMatchTest.csproj", "{A3085145-F366-45C5-998D-57F06E19B6EA}"
EndProject
Project("{2150E333-8FDC-42A3-9474-1A3956D46DE8}") = "Solution Items", "Solution Items", "{297A900A-0999-43A4-8A31-6F033E9110AD}"
	ProjectSection(SolutionItems) = preProject
		Local.testsettings = Local.testsettings
		QucikMatch.vsmdi = QucikMatch.vsmdi
		TraceAndTestImpact.testsettings = TraceAndTestImpact.testsettings
	EndProjectSection
EndProject
Project("{FAE04EC0-301F-11D3-BF4B-00C04F79EFBC}") = "SimpleFullTextSearch", "SimpleFullTextSearch\SimpleFullTextSearch.csproj", "{9BF52547-FE4B-4CF3-9AF0-CD2F355038FA}"
EndProject
Project("{FAE04EC0-301F-11D3-BF4B-00C04F79EFBC}") = "TextDocument", "TextDocument\TextDocument.csproj", "{7FC3A316-AB72-4491-984A-C249D5F23C50}"
EndProject
Project("{FAE04EC0-301F-11D3-BF4B-00C04F79EFBC}") = "SimpleFullTextSearchTest", "SimpleFullTextSearchTest\SimpleFullTextSearchTest.csproj", "{0E9EBAB3-5B1A-4CCD-B3C1-6A88E6C6BA9F}"
EndProject
Project("{FAE04EC0-301F-11D3-BF4B-00C04F79EFBC}") = "HighLighter", "HighLighter\HighLighter.csproj", "{535B0E8A-7D96-4C49-9899-F72B49893A85}"
EndProject
Project("{FAE04EC0-301F-11D3-BF4B-00C04F79EFBC}") = "ConsoleApplication1", "ConsoleApplication1\ConsoleApplication1.csproj", "{39FF1C4D-F196-439F-A1CB-DDB02BFF80EA}"
EndProject
Global
	GlobalSection(TestCaseManagementSettings) = postSolution
		CategoryFile = QucikMatch.vsmdi
	EndGlobalSection
	GlobalSection(SolutionConfigurationPlatforms) = preSolution
		Debug|Any CPU = Debug|Any CPU
		Release|Any CPU = Release|Any CPU
	EndGlobalSection
	GlobalSection(ProjectConfigurationPlatforms) = postSolution
		{3ECFE1B8-9978-4D04-B992-DD3395C52706}.Debug|Any CPU.ActiveCfg = Debug|Any CPU
		{3ECFE1B8-9978-4D04-B992-DD3395C52706}.Debug|Any CPU.Build.0 = Debug|Any CPU
		{3ECFE1B8-9978-4D04-B992-DD3395C52706}.Release|Any CPU.ActiveCfg = Release|Any CPU
		{3ECFE1B8-9978-4D04-B992-DD3395C52706}.Release|Any CPU.Build.0 = Release|Any CPU
		{A3085145-F366-45C5-998D-57F06E19B6EA}.Debug|Any CPU.ActiveCfg = Debug|Any CPU
		{A3085145-F366-45C5-998D-57F06E19B6EA}.Debug|Any CPU.Build.0 = Debug|Any CPU
		{A3085145-F366-45C5-998D-57F06E19B6EA}.Release|Any CPU.ActiveCfg = Release|Any CPU
		{A3085145-F366-45C5-998D-57F06E19B6EA}.Release|Any CPU.Build.0 = Release|Any CPU
		{9BF52547-FE4B-4CF3-9AF0-CD2F355038FA}.Debug|Any CPU.ActiveCfg = Debug|Any CPU
		{9BF52547-FE4B-4CF3-9AF0-CD2F355038FA}.Debug|Any CPU.Build.0 = Debug|Any CPU
		{9BF52547-FE4B-4CF3-9AF0-CD2F355038FA}.Release|Any CPU.ActiveCfg = Release|Any CPU
		{9BF52547-FE4B-4CF3-9AF0-CD2F355038FA}.Release|Any CPU.Build.0 = Release|Any CPU
		{7FC3A316-AB72-4491-984A-C249D5F23C50}.Debug|Any CPU.ActiveCfg = Debug|Any CPU
		{7FC3A316-AB72-4491-984A-C249D5F23C50}.Debug|Any CPU.Build.0 = Debug|Any CPU
		{7FC3A316-AB72-4491-984A-C249D5F23C50}.Release|Any CPU.ActiveCfg = Release|Any CPU
		{7FC3A316-AB72-4491-984A-C249D5F23C50}.Release|Any CPU.Build.0 = Release|Any CPU
		{0E9EBAB3-5B1A-4CCD-B3C1-6A88E6C6BA9F}.Debug|Any CPU.ActiveCfg = Debug|Any CPU
		{0E9EBAB3-5B1A-4CCD-B3C1-6A88E6C6BA9F}.Debug|Any CPU.Build.0 = Debug|Any CPU
		{0E9EBAB3-5B1A-4CCD-B3C1-6A88E6C6BA9F}.Release|Any CPU.ActiveCfg = Release|Any CPU
		{0E9EBAB3-5B1A-4CCD-B3C1-6A88E6C6BA9F}.Release|Any CPU.Build.0 = Release|Any CPU
		{535B0E8A-7D96-4C49-9899-F72B49893A85}.Debug|Any CPU.ActiveCfg = Debug|Any CPU
		{535B0E8A-7D96-4C49-9899-F72B49893A85}.Debug|Any CPU.Build.0 = Debug|Any CPU
		{535B0E8A-7D96-4C49-9899-F72B49893A85}.Release|Any CPU.ActiveCfg = Release|Any CPU
		{535B0E8A-7D96-4C49-9899-F72B49893A85}.Release|Any CPU.Build.0 = Release|Any CPU
		{39FF1C4D-F196-439F-A1CB-DDB02BFF80EA}.Debug|Any CPU.ActiveCfg = Debug|Any CPU
		{39FF1C4D-F196-439F-A1CB-DDB02BFF80EA}.Debug|Any CPU.Build.0 = Debug|Any CPU
		{39FF1C4D-F196-439F-A1CB-DDB02BFF80EA}.Release|Any CPU.ActiveCfg = Release|Any CPU
		{39FF1C4D-F196-439F-A1CB-DDB02BFF80EA}.Release|Any CPU.Build.0 = Release|Any CPU
	EndGlobalSection
	GlobalSection(SolutionProperties) = preSolution
		HideSolutionNode = FALSE
	EndGlobalSection
EndGlobal
